Microsoft Visual Studio Solution File, Format Version 11.00
# Visual Studio 2008

Project("{2F0DE9C0-1B9A-1BF8-4D27-936E39A55022}") = "TrueToyzUnity", "Assembly-CSharp.csproj", "{7764E372-0A7D-13BC-172D-3CC18CED19C3}"
EndProject
Project("{2F0DE9C0-1B9A-1BF8-4D27-936E39A55022}") = "TrueToyzUnity", "Assembly-CSharp-Editor.csproj", "{68B08D53-1624-3780-FED8-CC9EABCA4746}"
EndProject
Global
	GlobalSection(SolutionConfigurationPlatforms) = preSolution
		Debug|Any CPU = Debug|Any CPU
		Release|Any CPU = Release|Any CPU
	EndGlobalSection
	GlobalSection(ProjectConfigurationPlatforms) = postSolution
		{7764E372-0A7D-13BC-172D-3CC18CED19C3}.Debug|Any CPU.ActiveCfg = Debug|Any CPU
		{7764E372-0A7D-13BC-172D-3CC18CED19C3}.Debug|Any CPU.Build.0 = Debug|Any CPU
		{7764E372-0A7D-13BC-172D-3CC18CED19C3}.Release|Any CPU.ActiveCfg = Release|Any CPU
		{7764E372-0A7D-13BC-172D-3CC18CED19C3}.Release|Any CPU.Build.0 = Release|Any CPU
		{68B08D53-1624-3780-FED8-CC9EABCA4746}.Debug|Any CPU.ActiveCfg = Debug|Any CPU
		{68B08D53-1624-3780-FED8-CC9EABCA4746}.Debug|Any CPU.Build.0 = Debug|Any CPU
		{68B08D53-1624-3780-FED8-CC9EABCA4746}.Release|Any CPU.ActiveCfg = Release|Any CPU
		{68B08D53-1624-3780-FED8-CC9EABCA4746}.Release|Any CPU.Build.0 = Release|Any CPU
	EndGlobalSection
	GlobalSection(SolutionProperties) = preSolution
		HideSolutionNode = FALSE
	EndGlobalSection
																													GlobalSection(MonoDevelopProperties) = preSolution
=======
																				GlobalSection(MonoDevelopProperties) = preSolution
>>>>>>> b544a3e6b46d67530c07503ea17bb159979d6019
=======
																				GlobalSection(MonoDevelopProperties) = preSolution
>>>>>>> 50d3f708d42d1fa5c5a5a09f5686456a6b850510
		StartupItem = Assembly-CSharp.csproj
		Policies = $0
		$0.TextStylePolicy = $1
		$1.inheritsSet = null
		$1.scope = text/x-csharp
		$0.CSharpFormattingPolicy = $2
		$2.inheritsSet = Mono
		$2.inheritsScope = text/x-csharp
		$2.scope = text/x-csharp
		$0.TextStylePolicy = $3
		$3.FileWidth = 120
		$3.TabWidth = 4
		$3.EolMarker = Unix
		$3.inheritsSet = Mono
		$3.inheritsScope = text/plain
		$3.scope = text/plain
	EndGlobalSection

EndGlobal
